
Microsoft Visual Studio Solution File, Format Version 9.00
# Visual Studio 2005
Project("{8BC9CEB8-8B4A-11D0-8D11-00A0C91BC942}") = "Server", "Server\Server.vcproj", "{85FDD2A5-6E40-49E4-9520-11A6B4CD2586}"
	ProjectSection(ProjectDependencies) = postProject
		{4642B64B-ABF7-4FAB-903E-EB1E7CBF8A81} = {4642B64B-ABF7-4FAB-903E-EB1E7CBF8A81}
	EndProjectSection
EndProject
Project("{8BC9CEB8-8B4A-11D0-8D11-00A0C91BC942}") = "cstdmf", "..\..\Src\lib\cstdmf\cstdmf2005.vcproj", "{4642B64B-ABF7-4FAB-903E-EB1E7CBF8A81}"
EndProject
Global
	GlobalSection(SolutionConfigurationPlatforms) = preSolution
		Debug|Win32 = Debug|Win32
		Editor_Debug|Win32 = Editor_Debug|Win32
		Editor_Hybrid|Win32 = Editor_Hybrid|Win32
		Hybrid|Win32 = Hybrid|Win32
		PyModule_Hybrid|Win32 = PyModule_Hybrid|Win32
		Release|Win32 = Release|Win32
		Single_Threaded_Debug|Win32 = Single_Threaded_Debug|Win32
		Single_Threaded_Hybrid|Win32 = Single_Threaded_Hybrid|Win32
		Single_Threaded_Release|Win32 = Single_Threaded_Release|Win32
		Single_Threaded_Static_Debug|Win32 = Single_Threaded_Static_Debug|Win32
		Single_Threaded_Static_Release|Win32 = Single_Threaded_Static_Release|Win32
	EndGlobalSection
	GlobalSection(ProjectConfigurationPlatforms) = postSolution
		{85FDD2A5-6E40-49E4-9520-11A6B4CD2586}.Debug|Win32.ActiveCfg = Debug|Win32
		{85FDD2A5-6E40-49E4-9520-11A6B4CD2586}.Debug|Win32.Build.0 = Debug|Win32
		{85FDD2A5-6E40-49E4-9520-11A6B4CD2586}.Editor_Debug|Win32.ActiveCfg = Debug|Win32
		{85FDD2A5-6E40-49E4-9520-11A6B4CD2586}.Editor_Debug|Win32.Build.0 = Debug|Win32
		{85FDD2A5-6E40-49E4-9520-11A6B4CD2586}.Editor_Hybrid|Win32.ActiveCfg = Release|Win32
		{85FDD2A5-6E40-49E4-9520-11A6B4CD2586}.Editor_Hybrid|Win32.Build.0 = Release|Win32
		{85FDD2A5-6E40-49E4-9520-11A6B4CD2586}.Hybrid|Win32.ActiveCfg = Release|Win32
		{85FDD2A5-6E40-49E4-9520-11A6B4CD2586}.Hybrid|Win32.Build.0 = Release|Win32
		{85FDD2A5-6E40-49E4-9520-11A6B4CD2586}.PyModule_Hybrid|Win32.ActiveCfg = Release|Win32
		{85FDD2A5-6E40-49E4-9520-11A6B4CD2586}.PyModule_Hybrid|Win32.Build.0 = Release|Win32
		{85FDD2A5-6E40-49E4-9520-11A6B4CD2586}.Release|Win32.ActiveCfg = Release|Win32
		{85FDD2A5-6E40-49E4-9520-11A6B4CD2586}.Release|Win32.Build.0 = Release|Win32
		{85FDD2A5-6E40-49E4-9520-11A6B4CD2586}.Single_Threaded_Debug|Win32.ActiveCfg = Debug|Win32
		{85FDD2A5-6E40-49E4-9520-11A6B4CD2586}.Single_Threaded_Debug|Win32.Build.0 = Debug|Win32
		{85FDD2A5-6E40-49E4-9520-11A6B4CD2586}.Single_Threaded_Hybrid|Win32.ActiveCfg = Release|Win32
		{85FDD2A5-6E40-49E4-9520-11A6B4CD2586}.Single_Threaded_Hybrid|Win32.Build.0 = Release|Win32
		{85FDD2A5-6E40-49E4-9520-11A6B4CD2586}.Single_Threaded_Release|Win32.ActiveCfg = Release|Win32
		{85FDD2A5-6E40-49E4-9520-11A6B4CD2586}.Single_Threaded_Release|Win32.Build.0 = Release|Win32
		{85FDD2A5-6E40-49E4-9520-11A6B4CD2586}.Single_Threaded_Static_Debug|Win32.ActiveCfg = Debug|Win32
		{85FDD2A5-6E40-49E4-9520-11A6B4CD2586}.Single_Threaded_Static_Debug|Win32.Build.0 = Debug|Win32
		{85FDD2A5-6E40-49E4-9520-11A6B4CD2586}.Single_Threaded_Static_Release|Win32.ActiveCfg = Release|Win32
		{85FDD2A5-6E40-49E4-9520-11A6B4CD2586}.Single_Threaded_Static_Release|Win32.Build.0 = Release|Win32
		{4642B64B-ABF7-4FAB-903E-EB1E7CBF8A81}.Debug|Win32.ActiveCfg = Debug|Win32
		{4642B64B-ABF7-4FAB-903E-EB1E7CBF8A81}.Debug|Win32.Build.0 = Debug|Win32
		{4642B64B-ABF7-4FAB-903E-EB1E7CBF8A81}.Editor_Debug|Win32.ActiveCfg = Editor_Debug|Win32
		{4642B64B-ABF7-4FAB-903E-EB1E7CBF8A81}.Editor_Debug|Win32.Build.0 = Editor_Debug|Win32
		{4642B64B-ABF7-4FAB-903E-EB1E7CBF8A81}.Editor_Hybrid|Win32.ActiveCfg = Editor_Hybrid|Win32
		{4642B64B-ABF7-4FAB-903E-EB1E7CBF8A81}.Editor_Hybrid|Win32.Build.0 = Editor_Hybrid|Win32
		{4642B64B-ABF7-4FAB-903E-EB1E7CBF8A81}.Hybrid|Win32.ActiveCfg = Hybrid|Win32
		{4642B64B-ABF7-4FAB-903E-EB1E7CBF8A81}.Hybrid|Win32.Build.0 = Hybrid|Win32
		{4642B64B-ABF7-4FAB-903E-EB1E7CBF8A81}.PyModule_Hybrid|Win32.ActiveCfg = PyModule_Hybrid|Win32
		{4642B64B-ABF7-4FAB-903E-EB1E7CBF8A81}.PyModule_Hybrid|Win32.Build.0 = PyModule_Hybrid|Win32
		{4642B64B-ABF7-4FAB-903E-EB1E7CBF8A81}.Release|Win32.ActiveCfg = Release|Win32
		{4642B64B-ABF7-4FAB-903E-EB1E7CBF8A81}.Release|Win32.Build.0 = Release|Win32
		{4642B64B-ABF7-4FAB-903E-EB1E7CBF8A81}.Single_Threaded_Debug|Win32.ActiveCfg = Single_Threaded_Debug|Win32
		{4642B64B-ABF7-4FAB-903E-EB1E7CBF8A81}.Single_Threaded_Debug|Win32.Build.0 = Single_Threaded_Debug|Win32
		{4642B64B-ABF7-4FAB-903E-EB1E7CBF8A81}.Single_Threaded_Hybrid|Win32.ActiveCfg = Single_Threaded_Hybrid|Win32
		{4642B64B-ABF7-4FAB-903E-EB1E7CBF8A81}.Single_Threaded_Hybrid|Win32.Build.0 = Single_Threaded_Hybrid|Win32
		{4642B64B-ABF7-4FAB-903E-EB1E7CBF8A81}.Single_Threaded_Release|Win32.ActiveCfg = Single_Threaded_Release|Win32
		{4642B64B-ABF7-4FAB-903E-EB1E7CBF8A81}.Single_Threaded_Release|Win32.Build.0 = Single_Threaded_Release|Win32
		{4642B64B-ABF7-4FAB-903E-EB1E7CBF8A81}.Single_Threaded_Static_Debug|Win32.ActiveCfg = Single_Threaded_Static_Debug|Win32
		{4642B64B-ABF7-4FAB-903E-EB1E7CBF8A81}.Single_Threaded_Static_Debug|Win32.Build.0 = Single_Threaded_Static_Debug|Win32
		{4642B64B-ABF7-4FAB-903E-EB1E7CBF8A81}.Single_Threaded_Static_Release|Win32.ActiveCfg = Single_Threaded_Static_Release|Win32
		{4642B64B-ABF7-4FAB-903E-EB1E7CBF8A81}.Single_Threaded_Static_Release|Win32.Build.0 = Single_Threaded_Static_Release|Win32
	EndGlobalSection
	GlobalSection(SolutionProperties) = preSolution
		HideSolutionNode = FALSE
	EndGlobalSection
EndGlobal
