
Microsoft Visual Studio Solution File, Format Version 9.00
# Visual Studio 2005
Project("{8BC9CEB8-8B4A-11D0-8D11-00A0C91BC942}") = "input", "..\..\src\lib\input\input2005.vcproj", "{24D5B31B-392B-4B38-8CA0-6273F2B4933C}"
EndProject
Project("{8BC9CEB8-8B4A-11D0-8D11-00A0C91BC942}") = "cstdmf", "..\..\src\lib\cstdmf\cstdmf2005.vcproj", "{4642B64B-ABF7-4FAB-903E-EB1E7CBF8A81}"
EndProject
Project("{8BC9CEB8-8B4A-11D0-8D11-00A0C91BC942}") = "math3D", "..\..\src\lib\math\math3d2005.vcproj", "{5DC4CC9A-3052-4076-A8D4-FE229C1AC141}"
EndProject
Project("{8BC9CEB8-8B4A-11D0-8D11-00A0C91BC942}") = "game", "Game\Game.vcproj", "{B9EC4F44-D29E-469A-BA8F-6253D1507A45}"
	ProjectSection(ProjectDependencies) = postProject
		{24D5B31B-392B-4B38-8CA0-6273F2B4933C} = {24D5B31B-392B-4B38-8CA0-6273F2B4933C}
		{5DC4CC9A-3052-4076-A8D4-FE229C1AC141} = {5DC4CC9A-3052-4076-A8D4-FE229C1AC141}
		{4642B64B-ABF7-4FAB-903E-EB1E7CBF8A81} = {4642B64B-ABF7-4FAB-903E-EB1E7CBF8A81}
	EndProjectSection
EndProject
Global
	GlobalSection(SolutionConfigurationPlatforms) = preSolution
		Debug|Win32 = Debug|Win32
		DebugDoubleDLL|Win32 = DebugDoubleDLL|Win32
		DebugDoubleLib|Win32 = DebugDoubleLib|Win32
		DebugSingleDLL|Win32 = DebugSingleDLL|Win32
		DebugSingleLib|Win32 = DebugSingleLib|Win32
		Editor_Debug|Win32 = Editor_Debug|Win32
		Editor_Hybrid|Win32 = Editor_Hybrid|Win32
		Eval_Release|Win32 = Eval_Release|Win32
		Hybrid|Win32 = Hybrid|Win32
		PyModule_Hybrid|Win32 = PyModule_Hybrid|Win32
		Release|Win32 = Release|Win32
		ReleaseDoubleDLL|Win32 = ReleaseDoubleDLL|Win32
		ReleaseDoubleLib|Win32 = ReleaseDoubleLib|Win32
		ReleaseSingleDLL|Win32 = ReleaseSingleDLL|Win32
		ReleaseSingleLib|Win32 = ReleaseSingleLib|Win32
		ReleaseVcLib|Win32 = ReleaseVcLib|Win32
		Single_Threaded_Debug|Win32 = Single_Threaded_Debug|Win32
		Single_Threaded_Hybrid|Win32 = Single_Threaded_Hybrid|Win32
		Single_Threaded_Release|Win32 = Single_Threaded_Release|Win32
		Single_Threaded_Static_Debug|Win32 = Single_Threaded_Static_Debug|Win32
		Single_Threaded_Static_Release|Win32 = Single_Threaded_Static_Release|Win32
		Static_Debug|Win32 = Static_Debug|Win32
		Static_Release|Win32 = Static_Release|Win32
	EndGlobalSection
	GlobalSection(ProjectConfigurationPlatforms) = postSolution
		{24D5B31B-392B-4B38-8CA0-6273F2B4933C}.Debug|Win32.ActiveCfg = Debug|Win32
		{24D5B31B-392B-4B38-8CA0-6273F2B4933C}.Debug|Win32.Build.0 = Debug|Win32
		{24D5B31B-392B-4B38-8CA0-6273F2B4933C}.DebugDoubleDLL|Win32.ActiveCfg = Debug|Win32
		{24D5B31B-392B-4B38-8CA0-6273F2B4933C}.DebugDoubleDLL|Win32.Build.0 = Debug|Win32
		{24D5B31B-392B-4B38-8CA0-6273F2B4933C}.DebugDoubleLib|Win32.ActiveCfg = Debug|Win32
		{24D5B31B-392B-4B38-8CA0-6273F2B4933C}.DebugDoubleLib|Win32.Build.0 = Debug|Win32
		{24D5B31B-392B-4B38-8CA0-6273F2B4933C}.DebugSingleDLL|Win32.ActiveCfg = Debug|Win32
		{24D5B31B-392B-4B38-8CA0-6273F2B4933C}.DebugSingleDLL|Win32.Build.0 = Debug|Win32
		{24D5B31B-392B-4B38-8CA0-6273F2B4933C}.DebugSingleLib|Win32.ActiveCfg = Debug|Win32
		{24D5B31B-392B-4B38-8CA0-6273F2B4933C}.DebugSingleLib|Win32.Build.0 = Debug|Win32
		{24D5B31B-392B-4B38-8CA0-6273F2B4933C}.Editor_Debug|Win32.ActiveCfg = Editor_Debug|Win32
		{24D5B31B-392B-4B38-8CA0-6273F2B4933C}.Editor_Debug|Win32.Build.0 = Editor_Debug|Win32
		{24D5B31B-392B-4B38-8CA0-6273F2B4933C}.Editor_Hybrid|Win32.ActiveCfg = Editor_Hybrid|Win32
		{24D5B31B-392B-4B38-8CA0-6273F2B4933C}.Editor_Hybrid|Win32.Build.0 = Editor_Hybrid|Win32
		{24D5B31B-392B-4B38-8CA0-6273F2B4933C}.Eval_Release|Win32.ActiveCfg = Eval_Release|Win32
		{24D5B31B-392B-4B38-8CA0-6273F2B4933C}.Eval_Release|Win32.Build.0 = Eval_Release|Win32
		{24D5B31B-392B-4B38-8CA0-6273F2B4933C}.Hybrid|Win32.ActiveCfg = Hybrid|Win32
		{24D5B31B-392B-4B38-8CA0-6273F2B4933C}.Hybrid|Win32.Build.0 = Hybrid|Win32
		{24D5B31B-392B-4B38-8CA0-6273F2B4933C}.PyModule_Hybrid|Win32.ActiveCfg = PyModule_Hybrid|Win32
		{24D5B31B-392B-4B38-8CA0-6273F2B4933C}.PyModule_Hybrid|Win32.Build.0 = PyModule_Hybrid|Win32
		{24D5B31B-392B-4B38-8CA0-6273F2B4933C}.Release|Win32.ActiveCfg = Release|Win32
		{24D5B31B-392B-4B38-8CA0-6273F2B4933C}.Release|Win32.Build.0 = Release|Win32
		{24D5B31B-392B-4B38-8CA0-6273F2B4933C}.ReleaseDoubleDLL|Win32.ActiveCfg = Release|Win32
		{24D5B31B-392B-4B38-8CA0-6273F2B4933C}.ReleaseDoubleDLL|Win32.Build.0 = Release|Win32
		{24D5B31B-392B-4B38-8CA0-6273F2B4933C}.ReleaseDoubleLib|Win32.ActiveCfg = Release|Win32
		{24D5B31B-392B-4B38-8CA0-6273F2B4933C}.ReleaseDoubleLib|Win32.Build.0 = Release|Win32
		{24D5B31B-392B-4B38-8CA0-6273F2B4933C}.ReleaseSingleDLL|Win32.ActiveCfg = Release|Win32
		{24D5B31B-392B-4B38-8CA0-6273F2B4933C}.ReleaseSingleDLL|Win32.Build.0 = Release|Win32
		{24D5B31B-392B-4B38-8CA0-6273F2B4933C}.ReleaseSingleLib|Win32.ActiveCfg = Release|Win32
		{24D5B31B-392B-4B38-8CA0-6273F2B4933C}.ReleaseSingleLib|Win32.Build.0 = Release|Win32
		{24D5B31B-392B-4B38-8CA0-6273F2B4933C}.ReleaseVcLib|Win32.ActiveCfg = Release|Win32
		{24D5B31B-392B-4B38-8CA0-6273F2B4933C}.ReleaseVcLib|Win32.Build.0 = Release|Win32
		{24D5B31B-392B-4B38-8CA0-6273F2B4933C}.Single_Threaded_Debug|Win32.ActiveCfg = Debug|Win32
		{24D5B31B-392B-4B38-8CA0-6273F2B4933C}.Single_Threaded_Debug|Win32.Build.0 = Debug|Win32
		{24D5B31B-392B-4B38-8CA0-6273F2B4933C}.Single_Threaded_Hybrid|Win32.ActiveCfg = Hybrid|Win32
		{24D5B31B-392B-4B38-8CA0-6273F2B4933C}.Single_Threaded_Hybrid|Win32.Build.0 = Hybrid|Win32
		{24D5B31B-392B-4B38-8CA0-6273F2B4933C}.Single_Threaded_Release|Win32.ActiveCfg = Release|Win32
		{24D5B31B-392B-4B38-8CA0-6273F2B4933C}.Single_Threaded_Release|Win32.Build.0 = Release|Win32
		{24D5B31B-392B-4B38-8CA0-6273F2B4933C}.Single_Threaded_Static_Debug|Win32.ActiveCfg = Debug|Win32
		{24D5B31B-392B-4B38-8CA0-6273F2B4933C}.Single_Threaded_Static_Debug|Win32.Build.0 = Debug|Win32
		{24D5B31B-392B-4B38-8CA0-6273F2B4933C}.Single_Threaded_Static_Release|Win32.ActiveCfg = Release|Win32
		{24D5B31B-392B-4B38-8CA0-6273F2B4933C}.Single_Threaded_Static_Release|Win32.Build.0 = Release|Win32
		{24D5B31B-392B-4B38-8CA0-6273F2B4933C}.Static_Debug|Win32.ActiveCfg = Debug|Win32
		{24D5B31B-392B-4B38-8CA0-6273F2B4933C}.Static_Debug|Win32.Build.0 = Debug|Win32
		{24D5B31B-392B-4B38-8CA0-6273F2B4933C}.Static_Release|Win32.ActiveCfg = Release|Win32
		{24D5B31B-392B-4B38-8CA0-6273F2B4933C}.Static_Release|Win32.Build.0 = Release|Win32
		{4642B64B-ABF7-4FAB-903E-EB1E7CBF8A81}.Debug|Win32.ActiveCfg = Debug|Win32
		{4642B64B-ABF7-4FAB-903E-EB1E7CBF8A81}.Debug|Win32.Build.0 = Debug|Win32
		{4642B64B-ABF7-4FAB-903E-EB1E7CBF8A81}.DebugDoubleDLL|Win32.ActiveCfg = Debug|Win32
		{4642B64B-ABF7-4FAB-903E-EB1E7CBF8A81}.DebugDoubleDLL|Win32.Build.0 = Debug|Win32
		{4642B64B-ABF7-4FAB-903E-EB1E7CBF8A81}.DebugDoubleLib|Win32.ActiveCfg = Debug|Win32
		{4642B64B-ABF7-4FAB-903E-EB1E7CBF8A81}.DebugDoubleLib|Win32.Build.0 = Debug|Win32
		{4642B64B-ABF7-4FAB-903E-EB1E7CBF8A81}.DebugSingleDLL|Win32.ActiveCfg = Debug|Win32
		{4642B64B-ABF7-4FAB-903E-EB1E7CBF8A81}.DebugSingleDLL|Win32.Build.0 = Debug|Win32
		{4642B64B-ABF7-4FAB-903E-EB1E7CBF8A81}.DebugSingleLib|Win32.ActiveCfg = Debug|Win32
		{4642B64B-ABF7-4FAB-903E-EB1E7CBF8A81}.DebugSingleLib|Win32.Build.0 = Debug|Win32
		{4642B64B-ABF7-4FAB-903E-EB1E7CBF8A81}.Editor_Debug|Win32.ActiveCfg = Editor_Debug|Win32
		{4642B64B-ABF7-4FAB-903E-EB1E7CBF8A81}.Editor_Debug|Win32.Build.0 = Editor_Debug|Win32
		{4642B64B-ABF7-4FAB-903E-EB1E7CBF8A81}.Editor_Hybrid|Win32.ActiveCfg = Editor_Hybrid|Win32
		{4642B64B-ABF7-4FAB-903E-EB1E7CBF8A81}.Editor_Hybrid|Win32.Build.0 = Editor_Hybrid|Win32
		{4642B64B-ABF7-4FAB-903E-EB1E7CBF8A81}.Eval_Release|Win32.ActiveCfg = Release|Win32
		{4642B64B-ABF7-4FAB-903E-EB1E7CBF8A81}.Eval_Release|Win32.Build.0 = Release|Win32
		{4642B64B-ABF7-4FAB-903E-EB1E7CBF8A81}.Hybrid|Win32.ActiveCfg = Hybrid|Win32
		{4642B64B-ABF7-4FAB-903E-EB1E7CBF8A81}.Hybrid|Win32.Build.0 = Hybrid|Win32
		{4642B64B-ABF7-4FAB-903E-EB1E7CBF8A81}.PyModule_Hybrid|Win32.ActiveCfg = PyModule_Hybrid|Win32
		{4642B64B-ABF7-4FAB-903E-EB1E7CBF8A81}.PyModule_Hybrid|Win32.Build.0 = PyModule_Hybrid|Win32
		{4642B64B-ABF7-4FAB-903E-EB1E7CBF8A81}.Release|Win32.ActiveCfg = Release|Win32
		{4642B64B-ABF7-4FAB-903E-EB1E7CBF8A81}.Release|Win32.Build.0 = Release|Win32
		{4642B64B-ABF7-4FAB-903E-EB1E7CBF8A81}.ReleaseDoubleDLL|Win32.ActiveCfg = Release|Win32
		{4642B64B-ABF7-4FAB-903E-EB1E7CBF8A81}.ReleaseDoubleDLL|Win32.Build.0 = Release|Win32
		{4642B64B-ABF7-4FAB-903E-EB1E7CBF8A81}.ReleaseDoubleLib|Win32.ActiveCfg = Release|Win32
		{4642B64B-ABF7-4FAB-903E-EB1E7CBF8A81}.ReleaseDoubleLib|Win32.Build.0 = Release|Win32
		{4642B64B-ABF7-4FAB-903E-EB1E7CBF8A81}.ReleaseSingleDLL|Win32.ActiveCfg = Release|Win32
		{4642B64B-ABF7-4FAB-903E-EB1E7CBF8A81}.ReleaseSingleDLL|Win32.Build.0 = Release|Win32
		{4642B64B-ABF7-4FAB-903E-EB1E7CBF8A81}.ReleaseSingleLib|Win32.ActiveCfg = Release|Win32
		{4642B64B-ABF7-4FAB-903E-EB1E7CBF8A81}.ReleaseSingleLib|Win32.Build.0 = Release|Win32
		{4642B64B-ABF7-4FAB-903E-EB1E7CBF8A81}.ReleaseVcLib|Win32.ActiveCfg = Release|Win32
		{4642B64B-ABF7-4FAB-903E-EB1E7CBF8A81}.ReleaseVcLib|Win32.Build.0 = Release|Win32
		{4642B64B-ABF7-4FAB-903E-EB1E7CBF8A81}.Single_Threaded_Debug|Win32.ActiveCfg = Single_Threaded_Debug|Win32
		{4642B64B-ABF7-4FAB-903E-EB1E7CBF8A81}.Single_Threaded_Debug|Win32.Build.0 = Single_Threaded_Debug|Win32
		{4642B64B-ABF7-4FAB-903E-EB1E7CBF8A81}.Single_Threaded_Hybrid|Win32.ActiveCfg = Single_Threaded_Hybrid|Win32
		{4642B64B-ABF7-4FAB-903E-EB1E7CBF8A81}.Single_Threaded_Hybrid|Win32.Build.0 = Single_Threaded_Hybrid|Win32
		{4642B64B-ABF7-4FAB-903E-EB1E7CBF8A81}.Single_Threaded_Release|Win32.ActiveCfg = Single_Threaded_Release|Win32
		{4642B64B-ABF7-4FAB-903E-EB1E7CBF8A81}.Single_Threaded_Release|Win32.Build.0 = Single_Threaded_Release|Win32
		{4642B64B-ABF7-4FAB-903E-EB1E7CBF8A81}.Single_Threaded_Static_Debug|Win32.ActiveCfg = Single_Threaded_Static_Debug|Win32
		{4642B64B-ABF7-4FAB-903E-EB1E7CBF8A81}.Single_Threaded_Static_Debug|Win32.Build.0 = Single_Threaded_Static_Debug|Win32
		{4642B64B-ABF7-4FAB-903E-EB1E7CBF8A81}.Single_Threaded_Static_Release|Win32.ActiveCfg = Single_Threaded_Static_Release|Win32
		{4642B64B-ABF7-4FAB-903E-EB1E7CBF8A81}.Single_Threaded_Static_Release|Win32.Build.0 = Single_Threaded_Static_Release|Win32
		{4642B64B-ABF7-4FAB-903E-EB1E7CBF8A81}.Static_Debug|Win32.ActiveCfg = Single_Threaded_Static_Debug|Win32
		{4642B64B-ABF7-4FAB-903E-EB1E7CBF8A81}.Static_Debug|Win32.Build.0 = Single_Threaded_Static_Debug|Win32
		{4642B64B-ABF7-4FAB-903E-EB1E7CBF8A81}.Static_Release|Win32.ActiveCfg = Single_Threaded_Static_Release|Win32
		{4642B64B-ABF7-4FAB-903E-EB1E7CBF8A81}.Static_Release|Win32.Build.0 = Single_Threaded_Static_Release|Win32
		{5DC4CC9A-3052-4076-A8D4-FE229C1AC141}.Debug|Win32.ActiveCfg = Debug|Win32
		{5DC4CC9A-3052-4076-A8D4-FE229C1AC141}.Debug|Win32.Build.0 = Debug|Win32
		{5DC4CC9A-3052-4076-A8D4-FE229C1AC141}.DebugDoubleDLL|Win32.ActiveCfg = Debug|Win32
		{5DC4CC9A-3052-4076-A8D4-FE229C1AC141}.DebugDoubleDLL|Win32.Build.0 = Debug|Win32
		{5DC4CC9A-3052-4076-A8D4-FE229C1AC141}.DebugDoubleLib|Win32.ActiveCfg = Debug|Win32
		{5DC4CC9A-3052-4076-A8D4-FE229C1AC141}.DebugDoubleLib|Win32.Build.0 = Debug|Win32
		{5DC4CC9A-3052-4076-A8D4-FE229C1AC141}.DebugSingleDLL|Win32.ActiveCfg = Debug|Win32
		{5DC4CC9A-3052-4076-A8D4-FE229C1AC141}.DebugSingleDLL|Win32.Build.0 = Debug|Win32
		{5DC4CC9A-3052-4076-A8D4-FE229C1AC141}.DebugSingleLib|Win32.ActiveCfg = Debug|Win32
		{5DC4CC9A-3052-4076-A8D4-FE229C1AC141}.DebugSingleLib|Win32.Build.0 = Debug|Win32
		{5DC4CC9A-3052-4076-A8D4-FE229C1AC141}.Editor_Debug|Win32.ActiveCfg = Editor_Debug|Win32
		{5DC4CC9A-3052-4076-A8D4-FE229C1AC141}.Editor_Debug|Win32.Build.0 = Editor_Debug|Win32
		{5DC4CC9A-3052-4076-A8D4-FE229C1AC141}.Editor_Hybrid|Win32.ActiveCfg = Editor_Hybrid|Win32
		{5DC4CC9A-3052-4076-A8D4-FE229C1AC141}.Editor_Hybrid|Win32.Build.0 = Editor_Hybrid|Win32
		{5DC4CC9A-3052-4076-A8D4-FE229C1AC141}.Eval_Release|Win32.ActiveCfg = Release|Win32
		{5DC4CC9A-3052-4076-A8D4-FE229C1AC141}.Eval_Release|Win32.Build.0 = Release|Win32
		{5DC4CC9A-3052-4076-A8D4-FE229C1AC141}.Hybrid|Win32.ActiveCfg = Hybrid|Win32
		{5DC4CC9A-3052-4076-A8D4-FE229C1AC141}.Hybrid|Win32.Build.0 = Hybrid|Win32
		{5DC4CC9A-3052-4076-A8D4-FE229C1AC141}.PyModule_Hybrid|Win32.ActiveCfg = PyModule_Hybrid|Win32
		{5DC4CC9A-3052-4076-A8D4-FE229C1AC141}.PyModule_Hybrid|Win32.Build.0 = PyModule_Hybrid|Win32
		{5DC4CC9A-3052-4076-A8D4-FE229C1AC141}.Release|Win32.ActiveCfg = Release|Win32
		{5DC4CC9A-3052-4076-A8D4-FE229C1AC141}.Release|Win32.Build.0 = Release|Win32
		{5DC4CC9A-3052-4076-A8D4-FE229C1AC141}.ReleaseDoubleDLL|Win32.ActiveCfg = Release|Win32
		{5DC4CC9A-3052-4076-A8D4-FE229C1AC141}.ReleaseDoubleDLL|Win32.Build.0 = Release|Win32
		{5DC4CC9A-3052-4076-A8D4-FE229C1AC141}.ReleaseDoubleLib|Win32.ActiveCfg = Release|Win32
		{5DC4CC9A-3052-4076-A8D4-FE229C1AC141}.ReleaseDoubleLib|Win32.Build.0 = Release|Win32
		{5DC4CC9A-3052-4076-A8D4-FE229C1AC141}.ReleaseSingleDLL|Win32.ActiveCfg = Release|Win32
		{5DC4CC9A-3052-4076-A8D4-FE229C1AC141}.ReleaseSingleDLL|Win32.Build.0 = Release|Win32
		{5DC4CC9A-3052-4076-A8D4-FE229C1AC141}.ReleaseSingleLib|Win32.ActiveCfg = Release|Win32
		{5DC4CC9A-3052-4076-A8D4-FE229C1AC141}.ReleaseSingleLib|Win32.Build.0 = Release|Win32
		{5DC4CC9A-3052-4076-A8D4-FE229C1AC141}.ReleaseVcLib|Win32.ActiveCfg = Release|Win32
		{5DC4CC9A-3052-4076-A8D4-FE229C1AC141}.ReleaseVcLib|Win32.Build.0 = Release|Win32
		{5DC4CC9A-3052-4076-A8D4-FE229C1AC141}.Single_Threaded_Debug|Win32.ActiveCfg = Debug|Win32
		{5DC4CC9A-3052-4076-A8D4-FE229C1AC141}.Single_Threaded_Debug|Win32.Build.0 = Debug|Win32
		{5DC4CC9A-3052-4076-A8D4-FE229C1AC141}.Single_Threaded_Hybrid|Win32.ActiveCfg = Hybrid|Win32
		{5DC4CC9A-3052-4076-A8D4-FE229C1AC141}.Single_Threaded_Hybrid|Win32.Build.0 = Hybrid|Win32
		{5DC4CC9A-3052-4076-A8D4-FE229C1AC141}.Single_Threaded_Release|Win32.ActiveCfg = Release|Win32
		{5DC4CC9A-3052-4076-A8D4-FE229C1AC141}.Single_Threaded_Release|Win32.Build.0 = Release|Win32
		{5DC4CC9A-3052-4076-A8D4-FE229C1AC141}.Single_Threaded_Static_Debug|Win32.ActiveCfg = Static_Debug|Win32
		{5DC4CC9A-3052-4076-A8D4-FE229C1AC141}.Single_Threaded_Static_Debug|Win32.Build.0 = Static_Debug|Win32
		{5DC4CC9A-3052-4076-A8D4-FE229C1AC141}.Single_Threaded_Static_Release|Win32.ActiveCfg = Static_Release|Win32
		{5DC4CC9A-3052-4076-A8D4-FE229C1AC141}.Single_Threaded_Static_Release|Win32.Build.0 = Static_Release|Win32
		{5DC4CC9A-3052-4076-A8D4-FE229C1AC141}.Static_Debug|Win32.ActiveCfg = Static_Debug|Win32
		{5DC4CC9A-3052-4076-A8D4-FE229C1AC141}.Static_Debug|Win32.Build.0 = Static_Debug|Win32
		{5DC4CC9A-3052-4076-A8D4-FE229C1AC141}.Static_Release|Win32.ActiveCfg = Static_Release|Win32
		{5DC4CC9A-3052-4076-A8D4-FE229C1AC141}.Static_Release|Win32.Build.0 = Static_Release|Win32
		{B9EC4F44-D29E-469A-BA8F-6253D1507A45}.Debug|Win32.ActiveCfg = Debug|Win32
		{B9EC4F44-D29E-469A-BA8F-6253D1507A45}.Debug|Win32.Build.0 = Debug|Win32
		{B9EC4F44-D29E-469A-BA8F-6253D1507A45}.DebugDoubleDLL|Win32.ActiveCfg = Debug|Win32
		{B9EC4F44-D29E-469A-BA8F-6253D1507A45}.DebugDoubleDLL|Win32.Build.0 = Debug|Win32
		{B9EC4F44-D29E-469A-BA8F-6253D1507A45}.DebugDoubleLib|Win32.ActiveCfg = Debug|Win32
		{B9EC4F44-D29E-469A-BA8F-6253D1507A45}.DebugDoubleLib|Win32.Build.0 = Debug|Win32
		{B9EC4F44-D29E-469A-BA8F-6253D1507A45}.DebugSingleDLL|Win32.ActiveCfg = Debug|Win32
		{B9EC4F44-D29E-469A-BA8F-6253D1507A45}.DebugSingleDLL|Win32.Build.0 = Debug|Win32
		{B9EC4F44-D29E-469A-BA8F-6253D1507A45}.DebugSingleLib|Win32.ActiveCfg = Debug|Win32
		{B9EC4F44-D29E-469A-BA8F-6253D1507A45}.DebugSingleLib|Win32.Build.0 = Debug|Win32
		{B9EC4F44-D29E-469A-BA8F-6253D1507A45}.Editor_Debug|Win32.ActiveCfg = Debug|Win32
		{B9EC4F44-D29E-469A-BA8F-6253D1507A45}.Editor_Debug|Win32.Build.0 = Debug|Win32
		{B9EC4F44-D29E-469A-BA8F-6253D1507A45}.Editor_Hybrid|Win32.ActiveCfg = Release|Win32
		{B9EC4F44-D29E-469A-BA8F-6253D1507A45}.Editor_Hybrid|Win32.Build.0 = Release|Win32
		{B9EC4F44-D29E-469A-BA8F-6253D1507A45}.Eval_Release|Win32.ActiveCfg = Release|Win32
		{B9EC4F44-D29E-469A-BA8F-6253D1507A45}.Eval_Release|Win32.Build.0 = Release|Win32
		{B9EC4F44-D29E-469A-BA8F-6253D1507A45}.Hybrid|Win32.ActiveCfg = Release|Win32
		{B9EC4F44-D29E-469A-BA8F-6253D1507A45}.Hybrid|Win32.Build.0 = Release|Win32
		{B9EC4F44-D29E-469A-BA8F-6253D1507A45}.PyModule_Hybrid|Win32.ActiveCfg = Release|Win32
		{B9EC4F44-D29E-469A-BA8F-6253D1507A45}.PyModule_Hybrid|Win32.Build.0 = Release|Win32
		{B9EC4F44-D29E-469A-BA8F-6253D1507A45}.Release|Win32.ActiveCfg = Release|Win32
		{B9EC4F44-D29E-469A-BA8F-6253D1507A45}.Release|Win32.Build.0 = Release|Win32
		{B9EC4F44-D29E-469A-BA8F-6253D1507A45}.ReleaseDoubleDLL|Win32.ActiveCfg = Release|Win32
		{B9EC4F44-D29E-469A-BA8F-6253D1507A45}.ReleaseDoubleDLL|Win32.Build.0 = Release|Win32
		{B9EC4F44-D29E-469A-BA8F-6253D1507A45}.ReleaseDoubleLib|Win32.ActiveCfg = Release|Win32
		{B9EC4F44-D29E-469A-BA8F-6253D1507A45}.ReleaseDoubleLib|Win32.Build.0 = Release|Win32
		{B9EC4F44-D29E-469A-BA8F-6253D1507A45}.ReleaseSingleDLL|Win32.ActiveCfg = Release|Win32
		{B9EC4F44-D29E-469A-BA8F-6253D1507A45}.ReleaseSingleDLL|Win32.Build.0 = Release|Win32
		{B9EC4F44-D29E-469A-BA8F-6253D1507A45}.ReleaseSingleLib|Win32.ActiveCfg = Release|Win32
		{B9EC4F44-D29E-469A-BA8F-6253D1507A45}.ReleaseSingleLib|Win32.Build.0 = Release|Win32
		{B9EC4F44-D29E-469A-BA8F-6253D1507A45}.ReleaseVcLib|Win32.ActiveCfg = Release|Win32
		{B9EC4F44-D29E-469A-BA8F-6253D1507A45}.ReleaseVcLib|Win32.Build.0 = Release|Win32
		{B9EC4F44-D29E-469A-BA8F-6253D1507A45}.Single_Threaded_Debug|Win32.ActiveCfg = Debug|Win32
		{B9EC4F44-D29E-469A-BA8F-6253D1507A45}.Single_Threaded_Debug|Win32.Build.0 = Debug|Win32
		{B9EC4F44-D29E-469A-BA8F-6253D1507A45}.Single_Threaded_Hybrid|Win32.ActiveCfg = Release|Win32
		{B9EC4F44-D29E-469A-BA8F-6253D1507A45}.Single_Threaded_Hybrid|Win32.Build.0 = Release|Win32
		{B9EC4F44-D29E-469A-BA8F-6253D1507A45}.Single_Threaded_Release|Win32.ActiveCfg = Release|Win32
		{B9EC4F44-D29E-469A-BA8F-6253D1507A45}.Single_Threaded_Release|Win32.Build.0 = Release|Win32
		{B9EC4F44-D29E-469A-BA8F-6253D1507A45}.Single_Threaded_Static_Debug|Win32.ActiveCfg = Debug|Win32
		{B9EC4F44-D29E-469A-BA8F-6253D1507A45}.Single_Threaded_Static_Debug|Win32.Build.0 = Debug|Win32
		{B9EC4F44-D29E-469A-BA8F-6253D1507A45}.Single_Threaded_Static_Release|Win32.ActiveCfg = Release|Win32
		{B9EC4F44-D29E-469A-BA8F-6253D1507A45}.Single_Threaded_Static_Release|Win32.Build.0 = Release|Win32
		{B9EC4F44-D29E-469A-BA8F-6253D1507A45}.Static_Debug|Win32.ActiveCfg = Debug|Win32
		{B9EC4F44-D29E-469A-BA8F-6253D1507A45}.Static_Debug|Win32.Build.0 = Debug|Win32
		{B9EC4F44-D29E-469A-BA8F-6253D1507A45}.Static_Release|Win32.ActiveCfg = Release|Win32
		{B9EC4F44-D29E-469A-BA8F-6253D1507A45}.Static_Release|Win32.Build.0 = Release|Win32
	EndGlobalSection
	GlobalSection(SolutionProperties) = preSolution
		HideSolutionNode = FALSE
	EndGlobalSection
EndGlobal
